
Microsoft Visual Studio Solution File, Format Version 12.00
# Visual Studio Version 16
VisualStudioVersion = 16.0.29609.76
MinimumVisualStudioVersion = 10.0.40219.1
Project("{FAE04EC0-301F-11D3-BF4B-00C04F79EFBC}") = "ContactWebApp", "ContactWebApp\ContactWebApp.csproj", "{05CFCB91-CAC1-4E23-BFAC-66BEE8A77030}"
EndProject
Global
	GlobalSection(SolutionConfigurationPlatforms) = preSolution
		Debug|Any CPU = Debug|Any CPU
		Release|Any CPU = Release|Any CPU
	EndGlobalSection
	GlobalSection(ProjectConfigurationPlatforms) = postSolution
		{05CFCB91-CAC1-4E23-BFAC-66BEE8A77030}.Debug|Any CPU.ActiveCfg = Debug|Any CPU
		{05CFCB91-CAC1-4E23-BFAC-66BEE8A77030}.Debug|Any CPU.Build.0 = Debug|Any CPU
		{05CFCB91-CAC1-4E23-BFAC-66BEE8A77030}.Release|Any CPU.ActiveCfg = Release|Any CPU
		{05CFCB91-CAC1-4E23-BFAC-66BEE8A77030}.Release|Any CPU.Build.0 = Release|Any CPU
	EndGlobalSection
	GlobalSection(SolutionProperties) = preSolution
		HideSolutionNode = FALSE
	EndGlobalSection
	GlobalSection(ExtensibilityGlobals) = postSolution
		SolutionGuid = {0911FCD8-36F2-434E-81E4-B48CBB59B7A9}
	EndGlobalSection
EndGlobal
